PODS:
  - Alamofire (4.9.1)
  - iOSDropDown (0.3.4)
  - ReachabilitySwift (5.0.0)
  - SVProgressHUD (2.2.5)
  - SwiftyJSON (5.0.0)

DEPENDENCIES:
  - Alamofire
  - iOSDropDown
  - ReachabilitySwift
  - SVProgressHUD
  - SwiftyJSON

SPEC REPOS:
  trunk:
    - Alamofire
    - iOSDropDown
    - ReachabilitySwift
    - SVProgressHUD
    - SwiftyJSON

SPEC CHECKSUMS:
  Alamofire: 85e8a02c69d6020a0d734f6054870d7ecb75cf18
  iOSDropDown: c10a761f9a00c3f1cc9d3bce43ae504628e2f692
  ReachabilitySwift: 985039c6f7b23a1da463388634119492ff86c825
  SVProgressHUD: 1428aafac632c1f86f62aa4243ec12008d7a51d6
  SwiftyJSON: 36413e04c44ee145039d332b4f4e2d3e8d6c4db7

PODFILE CHECKSUM: d4245a1b3f96ae98754e3f9ba5ad9f17229b15f8

COCOAPODS: 1.8.4
